
Microsoft Visual Studio Solution File, Format Version 12.00
# Visual Studio Version 17
VisualStudioVersion = 17.0.31919.166
MinimumVisualStudioVersion = 10.0.40219.1
Project("{FAE04EC0-301F-11D3-BF4B-00C04F79EFBC}") = "RP_LOOP_ORIGINAL", "RP_LOOP_ORIGINAL\RP_LOOP_ORIGINAL.csproj", "{2746F2AE-01DB-44C7-A6B0-34D05EDDA8E5}"
EndProject
Global
	GlobalSection(SolutionConfigurationPlatforms) = preSolution
		Debug|Any CPU = Debug|Any CPU
		Release|Any CPU = Release|Any CPU
	EndGlobalSection
	GlobalSection(ProjectConfigurationPlatforms) = postSolution
		{2746F2AE-01DB-44C7-A6B0-34D05EDDA8E5}.Debug|Any CPU.ActiveCfg = Debug|Any CPU
		{2746F2AE-01DB-44C7-A6B0-34D05EDDA8E5}.Debug|Any CPU.Build.0 = Debug|Any CPU
		{2746F2AE-01DB-44C7-A6B0-34D05EDDA8E5}.Release|Any CPU.ActiveCfg = Release|Any CPU
		{2746F2AE-01DB-44C7-A6B0-34D05EDDA8E5}.Release|Any CPU.Build.0 = Release|Any CPU
	EndGlobalSection
	GlobalSection(SolutionProperties) = preSolution
		HideSolutionNode = FALSE
	EndGlobalSection
	GlobalSection(ExtensibilityGlobals) = postSolution
		SolutionGuid = {2ADBC8DF-0B87-4862-AF9C-BB5EF2FB2919}
	EndGlobalSection
EndGlobal
